
Microsoft Visual Studio Solution File, Format Version 12.00
# Visual Studio 14
VisualStudioVersion = 14.0.24720.0
MinimumVisualStudioVersion = 10.0.40219.1
Project("{FAE04EC0-301F-11D3-BF4B-00C04F79EFBC}") = "MyQQ", "MyQQ\MyQQ.csproj", "{C855B4AD-25A8-4176-B047-5D6A993E1D57}"
EndProject
Global
	GlobalSection(SolutionConfigurationPlatforms) = preSolution
		Debug|Any CPU = Debug|Any CPU
		Release|Any CPU = Release|Any CPU
	EndGlobalSection
	GlobalSection(ProjectConfigurationPlatforms) = postSolution
		{C855B4AD-25A8-4176-B047-5D6A993E1D57}.Debug|Any CPU.ActiveCfg = Debug|Any CPU
		{C855B4AD-25A8-4176-B047-5D6A993E1D57}.Debug|Any CPU.Build.0 = Debug|Any CPU
		{C855B4AD-25A8-4176-B047-5D6A993E1D57}.Release|Any CPU.ActiveCfg = Release|Any CPU
		{C855B4AD-25A8-4176-B047-5D6A993E1D57}.Release|Any CPU.Build.0 = Release|Any CPU
	EndGlobalSection
	GlobalSection(SolutionProperties) = preSolution
		HideSolutionNode = FALSE
	EndGlobalSection
EndGlobal
